
Microsoft Visual Studio Solution File, Format Version 12.00
# Visual Studio Version 17
VisualStudioVersion = 17.14.36301.6 d17.14
MinimumVisualStudioVersion = 10.0.40219.1
Project("{8BC9CEB8-8B4A-11D0-8D11-00A0C91BC942}") = "Lab 7", "Lab 7\Lab 7.vcxproj", "{7716841B-EBAF-4DBE-B776-34876CAA46DC}"
EndProject
Global
	GlobalSection(SolutionConfigurationPlatforms) = preSolution
		Debug|x64 = Debug|x64
		Debug|x86 = Debug|x86
		Release|x64 = Release|x64
		Release|x86 = Release|x86
	EndGlobalSection
	GlobalSection(ProjectConfigurationPlatforms) = postSolution
		{7716841B-EBAF-4DBE-B776-34876CAA46DC}.Debug|x64.ActiveCfg = Debug|x64
		{7716841B-EBAF-4DBE-B776-34876CAA46DC}.Debug|x64.Build.0 = Debug|x64
		{7716841B-EBAF-4DBE-B776-34876CAA46DC}.Debug|x86.ActiveCfg = Debug|Win32
		{7716841B-EBAF-4DBE-B776-34876CAA46DC}.Debug|x86.Build.0 = Debug|Win32
		{7716841B-EBAF-4DBE-B776-34876CAA46DC}.Release|x64.ActiveCfg = Release|x64
		{7716841B-EBAF-4DBE-B776-34876CAA46DC}.Release|x64.Build.0 = Release|x64
		{7716841B-EBAF-4DBE-B776-34876CAA46DC}.Release|x86.ActiveCfg = Release|Win32
		{7716841B-EBAF-4DBE-B776-34876CAA46DC}.Release|x86.Build.0 = Release|Win32
	EndGlobalSection
	GlobalSection(SolutionProperties) = preSolution
		HideSolutionNode = FALSE
	EndGlobalSection
	GlobalSection(ExtensibilityGlobals) = postSolution
		SolutionGuid = {46D46D21-679D-46DF-BC50-097F8D092300}
	EndGlobalSection
EndGlobal
